// !$*UTF8*$!
{
	archiveVersion = 1;
	classes = {
	};
	objectVersion = 55;
	objects = {

/* Begin PBXBuildFile section */
		B11BC36F28CB111C0027C7F1 /* Assets.xcassets in Resources */ = {isa = PBXBuildFile; fileRef = B11BC36E28CB111C0027C7F1 /* Assets.xcassets */; };
		B11BC37228CB111C0027C7F1 /* MainMenu.xib in Resources */ = {isa = PBXBuildFile; fileRef = B11BC37028CB111C0027C7F1 /* MainMenu.xib */; };
		B11BC37F28CB111C0027C7F1 /* Assignment_2_Problem_1Tests.m in Sources */ = {isa = PBXBuildFile; fileRef = B11BC37E28CB111C0027C7F1 /* Assignment_2_Problem_1Tests.m */; };
		B11BC38928CB111C0027C7F1 /* Assignment_2_Problem_1UITests.m in Sources */ = {isa = PBXBuildFile; fileRef = B11BC38828CB111C0027C7F1 /* Assignment_2_Problem_1UITests.m */; };
		B11BC38B28CB111C0027C7F1 /* Assignment_2_Problem_1UITestsLaunchTests.m in Sources */ = {isa = PBXBuildFile; fileRef = B11BC38A28CB111C0027C7F1 /* Assignment_2_Problem_1UITestsLaunchTests.m */; };
		B11BC39828CB115F0027C7F1 /* ps2-1.cpp in Sources */ = {isa = PBXBuildFile; fileRef = B11BC39728CB115F0027C7F1 /* ps2-1.cpp */; };
/* End PBXBuildFile section */

/* Begin PBXContainerItemProxy section */
		B11BC37B28CB111C0027C7F1 /* PBXContainerItemProxy */ = {
			isa = PBXContainerItemProxy;
			containerPortal = B11BC36028CB111A0027C7F1 /* Project object */;
			proxyType = 1;
			remoteGlobalIDString = B11BC36728CB111A0027C7F1;
			remoteInfo = "Assignment 2_Problem 1";
		};
		B11BC38528CB111C0027C7F1 /* PBXContainerItemProxy */ = {
			isa = PBXContainerItemProxy;
			containerPortal = B11BC36028CB111A0027C7F1 /* Project object */;
			proxyType = 1;
			remoteGlobalIDString = B11BC36728CB111A0027C7F1;
			remoteInfo = "Assignment 2_Problem 1";
		};
/* End PBXContainerItemProxy section */

/* Begin PBXFileReference section */
		B11BC36828CB111A0027C7F1 /* Assignment 2_Problem 1.app */ = {isa = PBXFileReference; explicitFileType = wrapper.application; includeInIndex = 0; path = "Assignment 2_Problem 1.app"; sourceTree = BUILT_PRODUCTS_DIR; };
		B11BC36E28CB111C0027C7F1 /* Assets.xcassets */ = {isa = PBXFileReference; lastKnownFileType = folder.assetcatalog; path = Assets.xcassets; sourceTree = "<group>"; };
		B11BC37128CB111C0027C7F1 /* Base */ = {isa = PBXFileReference; lastKnownFileType = file.xib; name = Base; path = Base.lproj/MainMenu.xib; sourceTree = "<group>"; };
		B11BC37528CB111C0027C7F1 /* Assignment_2_Problem_1.entitlements */ = {isa = PBXFileReference; lastKnownFileType = text.plist.entitlements; path = Assignment_2_Problem_1.entitlements; sourceTree = "<group>"; };
		B11BC37A28CB111C0027C7F1 /* Assignment 2_Problem 1Tests.xctest */ = {isa = PBXFileReference; explicitFileType = wrapper.cfbundle; includeInIndex = 0; path = "Assignment 2_Problem 1Tests.xctest"; sourceTree = BUILT_PRODUCTS_DIR; };
		B11BC37E28CB111C0027C7F1 /* Assignment_2_Problem_1Tests.m */ = {isa = PBXFileReference; lastKnownFileType = sourcecode.c.objc; path = Assignment_2_Problem_1Tests.m; sourceTree = "<group>"; };
		B11BC38428CB111C0027C7F1 /* Assignment 2_Problem 1UITests.xctest */ = {isa = PBXFileReference; explicitFileType = wrapper.cfbundle; includeInIndex = 0; path = "Assignment 2_Problem 1UITests.xctest"; sourceTree = BUILT_PRODUCTS_DIR; };
		B11BC38828CB111C0027C7F1 /* Assignment_2_Problem_1UITests.m */ = {isa = PBXFileReference; lastKnownFileType = sourcecode.c.objc; path = Assignment_2_Problem_1UITests.m; sourceTree = "<group>"; };
		B11BC38A28CB111C0027C7F1 /* Assignment_2_Problem_1UITestsLaunchTests.m */ = {isa = PBXFileReference; lastKnownFileType = sourcecode.c.objc; path = Assignment_2_Problem_1UITestsLaunchTests.m; sourceTree = "<group>"; };
		B11BC39728CB115F0027C7F1 /* ps2-1.cpp */ = {isa = PBXFileReference; lastKnownFileType = sourcecode.cpp.cpp; path = "ps2-1.cpp"; sourceTree = "<group>"; };
/* End PBXFileReference section */

/* Begin PBXFrameworksBuildPhase section */
		B11BC36528CB111A0027C7F1 /* Frameworks */ = {
			isa = PBXFrameworksBuildPhase;
			buildActionMask = 2147483647;
			files = (
			);
			runOnlyForDeploymentPostprocessing = 0;
		};
		B11BC37728CB111C0027C7F1 /* Frameworks */ = {
			isa = PBXFrameworksBuildPhase;
			buildActionMask = 2147483647;
			files = (
			);
			runOnlyForDeploymentPostprocessing = 0;
		};
		B11BC38128CB111C0027C7F1 /* Frameworks */ = {
			isa = PBXFrameworksBuildPhase;
			buildActionMask = 2147483647;
			files = (
			);
			runOnlyForDeploymentPostprocessing = 0;
		};
/* End PBXFrameworksBuildPhase section */

/* Begin PBXGroup section */
		B11BC35F28CB111A0027C7F1 = {
			isa = PBXGroup;
			children = (
				B11BC36A28CB111A0027C7F1 /* Assignment 2_Problem 1 */,
				B11BC37D28CB111C0027C7F1 /* Assignment 2_Problem 1Tests */,
				B11BC38728CB111C0027C7F1 /* Assignment 2_Problem 1UITests */,
				B11BC36928CB111A0027C7F1 /* Products */,
			);
			sourceTree = "<group>";
		};
		B11BC36928CB111A0027C7F1 /* Products */ = {
			isa = PBXGroup;
			children = (
				B11BC36828CB111A0027C7F1 /* Assignment 2_Problem 1.app */,
				B11BC37A28CB111C0027C7F1 /* Assignment 2_Problem 1Tests.xctest */,
				B11BC38428CB111C0027C7F1 /* Assignment 2_Problem 1UITests.xctest */,
			);
			name = Products;
			sourceTree = "<group>";
		};
		B11BC36A28CB111A0027C7F1 /* Assignment 2_Problem 1 */ = {
			isa = PBXGroup;
			children = (
				B11BC36E28CB111C0027C7F1 /* Assets.xcassets */,
				B11BC37028CB111C0027C7F1 /* MainMenu.xib */,
				B11BC37528CB111C0027C7F1 /* Assignment_2_Problem_1.entitlements */,
				B11BC39728CB115F0027C7F1 /* ps2-1.cpp */,
			);
			path = "Assignment 2_Problem 1";
			sourceTree = "<group>";
		};
		B11BC37D28CB111C0027C7F1 /* Assignment 2_Problem 1Tests */ = {
			isa = PBXGroup;
			children = (
				B11BC37E28CB111C0027C7F1 /* Assignment_2_Problem_1Tests.m */,
			);
			path = "Assignment 2_Problem 1Tests";
			sourceTree = "<group>";
		};
		B11BC38728CB111C0027C7F1 /* Assignment 2_Problem 1UITests */ = {
			isa = PBXGroup;
			children = (
				B11BC38828CB111C0027C7F1 /* Assignment_2_Problem_1UITests.m */,
				B11BC38A28CB111C0027C7F1 /* Assignment_2_Problem_1UITestsLaunchTests.m */,
			);
			path = "Assignment 2_Problem 1UITests";
			sourceTree = "<group>";
		};
/* End PBXGroup section */

/* Begin PBXNativeTarget section */
		B11BC36728CB111A0027C7F1 /* Assignment 2_Problem 1 */ = {
			isa = PBXNativeTarget;
			buildConfigurationList = B11BC38E28CB111C0027C7F1 /* Build configuration list for PBXNativeTarget "Assignment 2_Problem 1" */;
			buildPhases = (
				B11BC36428CB111A0027C7F1 /* Sources */,
				B11BC36528CB111A0027C7F1 /* Frameworks */,
				B11BC36628CB111A0027C7F1 /* Resources */,
			);
			buildRules = (
			);
			dependencies = (
			);
			name = "Assignment 2_Problem 1";
			productName = "Assignment 2_Problem 1";
			productReference = B11BC36828CB111A0027C7F1 /* Assignment 2_Problem 1.app */;
			productType = "com.apple.product-type.application";
		};
		B11BC37928CB111C0027C7F1 /* Assignment 2_Problem 1Tests */ = {
			isa = PBXNativeTarget;
			buildConfigurationList = B11BC39128CB111C0027C7F1 /* Build configuration list for PBXNativeTarget "Assignment 2_Problem 1Tests" */;
			buildPhases = (
				B11BC37628CB111C0027C7F1 /* Sources */,
				B11BC37728CB111C0027C7F1 /* Frameworks */,
				B11BC37828CB111C0027C7F1 /* Resources */,
			);
			buildRules = (
			);
			dependencies = (
				B11BC37C28CB111C0027C7F1 /* PBXTargetDependency */,
			);
			name = "Assignment 2_Problem 1Tests";
			productName = "Assignment 2_Problem 1Tests";
			productReference = B11BC37A28CB111C0027C7F1 /* Assignment 2_Problem 1Tests.xctest */;
			productType = "com.apple.product-type.bundle.unit-test";
		};
		B11BC38328CB111C0027C7F1 /* Assignment 2_Problem 1UITests */ = {
			isa = PBXNativeTarget;
			buildConfigurationList = B11BC39428CB111C0027C7F1 /* Build configuration list for PBXNativeTarget "Assignment 2_Problem 1UITests" */;
			buildPhases = (
				B11BC38028CB111C0027C7F1 /* Sources */,
				B11BC38128CB111C0027C7F1 /* Frameworks */,
				B11BC38228CB111C0027C7F1 /* Resources */,
			);
			buildRules = (
			);
			dependencies = (
				B11BC38628CB111C0027C7F1 /* PBXTargetDependency */,
			);
			name = "Assignment 2_Problem 1UITests";
			productName = "Assignment 2_Problem 1UITests";
			productReference = B11BC38428CB111C0027C7F1 /* Assignment 2_Problem 1UITests.xctest */;
			productType = "com.apple.product-type.bundle.ui-testing";
		};
/* End PBXNativeTarget section */

/* Begin PBXProject section */
		B11BC36028CB111A0027C7F1 /* Project object */ = {
			isa = PBXProject;
			attributes = {
				BuildIndependentTargetsInParallel = 1;
				LastUpgradeCheck = 1340;
				TargetAttributes = {
					B11BC36728CB111A0027C7F1 = {
						CreatedOnToolsVersion = 13.4.1;
					};
					B11BC37928CB111C0027C7F1 = {
						CreatedOnToolsVersion = 13.4.1;
						TestTargetID = B11BC36728CB111A0027C7F1;
					};
					B11BC38328CB111C0027C7F1 = {
						CreatedOnToolsVersion = 13.4.1;
						TestTargetID = B11BC36728CB111A0027C7F1;
					};
				};
			};
			buildConfigurationList = B11BC36328CB111A0027C7F1 /* Build configuration list for PBXProject "Assignment 2_Problem 1" */;
			compatibilityVersion = "Xcode 13.0";
			developmentRegion = en;
			hasScannedForEncodings = 0;
			knownRegions = (
				en,
				Base,
			);
			mainGroup = B11BC35F28CB111A0027C7F1;
			productRefGroup = B11BC36928CB111A0027C7F1 /* Products */;
			projectDirPath = "";
			projectRoot = "";
			targets = (
				B11BC36728CB111A0027C7F1 /* Assignment 2_Problem 1 */,
				B11BC37928CB111C0027C7F1 /* Assignment 2_Problem 1Tests */,
				B11BC38328CB111C0027C7F1 /* Assignment 2_Problem 1UITests */,
			);
		};
/* End PBXProject section */

/* Begin PBXResourcesBuildPhase section */
		B11BC36628CB111A0027C7F1 /* Resources */ = {
			isa = PBXResourcesBuildPhase;
			buildActionMask = 2147483647;
			files = (
				B11BC36F28CB111C0027C7F1 /* Assets.xcassets in Resources */,
				B11BC37228CB111C0027C7F1 /* MainMenu.xib in Resources */,
			);
			runOnlyForDeploymentPostprocessing = 0;
		};
		B11BC37828CB111C0027C7F1 /* Resources */ = {
			isa = PBXResourcesBuildPhase;
			buildActionMask = 2147483647;
			files = (
			);
			runOnlyForDeploymentPostprocessing = 0;
		};
		B11BC38228CB111C0027C7F1 /* Resources */ = {
			isa = PBXResourcesBuildPhase;
			buildActionMask = 2147483647;
			files = (
			);
			runOnlyForDeploymentPostprocessing = 0;
		};
/* End PBXResourcesBuildPhase section */

/* Begin PBXSourcesBuildPhase section */
		B11BC36428CB111A0027C7F1 /* Sources */ = {
			isa = PBXSourcesBuildPhase;
			buildActionMask = 2147483647;
			files = (
				B11BC39828CB115F0027C7F1 /* ps2-1.cpp in Sources */,
			);
			runOnlyForDeploymentPostprocessing = 0;
		};
		B11BC37628CB111C0027C7F1 /* Sources */ = {
			isa = PBXSourcesBuildPhase;
			buildActionMask = 2147483647;
			files = (
				B11BC37F28CB111C0027C7F1 /* Assignment_2_Problem_1Tests.m in Sources */,
			);
			runOnlyForDeploymentPostprocessing = 0;
		};
		B11BC38028CB111C0027C7F1 /* Sources */ = {
			isa = PBXSourcesBuildPhase;
			buildActionMask = 2147483647;
			files = (
				B11BC38B28CB111C0027C7F1 /* Assignment_2_Problem_1UITestsLaunchTests.m in Sources */,
				B11BC38928CB111C0027C7F1 /* Assignment_2_Problem_1UITests.m in Sources */,
			);
			runOnlyForDeploymentPostprocessing = 0;
		};
/* End PBXSourcesBuildPhase section */

/* Begin PBXTargetDependency section */
		B11BC37C28CB111C0027C7F1 /* PBXTargetDependency */ = {
			isa = PBXTargetDependency;
			target = B11BC36728CB111A0027C7F1 /* Assignment 2_Problem 1 */;
			targetProxy = B11BC37B28CB111C0027C7F1 /* PBXContainerItemProxy */;
		};
		B11BC38628CB111C0027C7F1 /* PBXTargetDependency */ = {
			isa = PBXTargetDependency;
			target = B11BC36728CB111A0027C7F1 /* Assignment 2_Problem 1 */;
			targetProxy = B11BC38528CB111C0027C7F1 /* PBXContainerItemProxy */;
		};
/* End PBXTargetDependency section */

/* Begin PBXVariantGroup section */
		B11BC37028CB111C0027C7F1 /* MainMenu.xib */ = {
			isa = PBXVariantGroup;
			children = (
				B11BC37128CB111C0027C7F1 /* Base */,
			);
			name = MainMenu.xib;
			sourceTree = "<group>";
		};
/* End PBXVariantGroup section */

/* Begin XCBuildConfiguration section */
		B11BC38C28CB111C0027C7F1 /* Debug */ = {
			isa = XCBuildConfiguration;
			buildSettings = {
				ALWAYS_SEARCH_USER_PATHS = NO;
				CLANG_ANALYZER_NONNULL = YES;
				CLANG_ANALYZER_NUMBER_OBJECT_CONVERSION = YES_AGGRESSIVE;
				CLANG_CXX_LANGUAGE_STANDARD = "gnu++17";
				CLANG_ENABLE_MODULES = YES;
				CLANG_ENABLE_OBJC_ARC = YES;
				CLANG_ENABLE_OBJC_WEAK = YES;
				CLANG_WARN_BLOCK_CAPTURE_AUTORELEASING = YES;
				CLANG_WARN_BOOL_CONVERSION = YES;
				CLANG_WARN_COMMA = YES;
				CLANG_WARN_CONSTANT_CONVERSION = YES;
				CLANG_WARN_DEPRECATED_OBJC_IMPLEMENTATIONS = YES;
				CLANG_WARN_DIRECT_OBJC_ISA_USAGE = YES_ERROR;
				CLANG_WARN_DOCUMENTATION_COMMENTS = YES;
				CLANG_WARN_EMPTY_BODY = YES;
				CLANG_WARN_ENUM_CONVERSION = YES;
				CLANG_WARN_INFINITE_RECURSION = YES;
				CLANG_WARN_INT_CONVERSION = YES;
				CLANG_WARN_NON_LITERAL_NULL_CONVERSION = YES;
				CLANG_WARN_OBJC_IMPLICIT_RETAIN_SELF = YES;
				CLANG_WARN_OBJC_LITERAL_CONVERSION = YES;
				CLANG_WARN_OBJC_ROOT_CLASS = YES_ERROR;
				CLANG_WARN_QUOTED_INCLUDE_IN_FRAMEWORK_HEADER = YES;
				CLANG_WARN_RANGE_LOOP_ANALYSIS = YES;
				CLANG_WARN_STRICT_PROTOTYPES = YES;
				CLANG_WARN_SUSPICIOUS_MOVE = YES;
				CLANG_WARN_UNGUARDED_AVAILABILITY = YES_AGGRESSIVE;
				CLANG_WARN_UNREACHABLE_CODE = YES;
				CLANG_WARN__DUPLICATE_METHOD_MATCH = YES;
				COPY_PHASE_STRIP = NO;
				DEBUG_INFORMATION_FORMAT = dwarf;
				ENABLE_STRICT_OBJC_MSGSEND = YES;
				ENABLE_TESTABILITY = YES;
				GCC_C_LANGUAGE_STANDARD = gnu11;
				GCC_DYNAMIC_NO_PIC = NO;
				GCC_NO_COMMON_BLOCKS = YES;
				GCC_OPTIMIZATION_LEVEL = 0;
				GCC_PREPROCESSOR_DEFINITIONS = (
					"DEBUG=1",
					"$(inherited)",
				);
				GCC_WARN_64_TO_32_BIT_CONVERSION = YES;
				GCC_WARN_ABOUT_RETURN_TYPE = YES_ERROR;
				GCC_WARN_UNDECLARED_SELECTOR = YES;
				GCC_WARN_UNINITIALIZED_AUTOS = YES_AGGRESSIVE;
				GCC_WARN_UNUSED_FUNCTION = YES;
				GCC_WARN_UNUSED_VARIABLE = YES;
				MACOSX_DEPLOYMENT_TARGET = 12.3;
				MTL_ENABLE_DEBUG_INFO = INCLUDE_SOURCE;
				MTL_FAST_MATH = YES;
				ONLY_ACTIVE_ARCH = YES;
				SDKROOT = macosx;
			};
			name = Debug;
		};
		B11BC38D28CB111C0027C7F1 /* Release */ = {
			isa = XCBuildConfiguration;
			buildSettings = {
				ALWAYS_SEARCH_USER_PATHS = NO;
				CLANG_ANALYZER_NONNULL = YES;
				CLANG_ANALYZER_NUMBER_OBJECT_CONVERSION = YES_AGGRESSIVE;
				CLANG_CXX_LANGUAGE_STANDARD = "gnu++17";
				CLANG_ENABLE_MODULES = YES;
				CLANG_ENABLE_OBJC_ARC = YES;
				CLANG_ENABLE_OBJC_WEAK = YES;
				CLANG_WARN_BLOCK_CAPTURE_AUTORELEASING = YES;
				CLANG_WARN_BOOL_CONVERSION = YES;
				CLANG_WARN_COMMA = YES;
				CLANG_WARN_CONSTANT_CONVERSION = YES;
				CLANG_WARN_DEPRECATED_OBJC_IMPLEMENTATIONS = YES;
				CLANG_WARN_DIRECT_OBJC_ISA_USAGE = YES_ERROR;
				CLANG_WARN_DOCUMENTATION_COMMENTS = YES;
				CLANG_WARN_EMPTY_BODY = YES;
				CLANG_WARN_ENUM_CONVERSION = YES;
				CLANG_WARN_INFINITE_RECURSION = YES;
				CLANG_WARN_INT_CONVERSION = YES;
				CLANG_WARN_NON_LITERAL_NULL_CONVERSION = YES;
				CLANG_WARN_OBJC_IMPLICIT_RETAIN_SELF = YES;
				CLANG_WARN_OBJC_LITERAL_CONVERSION = YES;
				CLANG_WARN_OBJC_ROOT_CLASS = YES_ERROR;
				CLANG_WARN_QUOTED_INCLUDE_IN_FRAMEWORK_HEADER = YES;
				CLANG_WARN_RANGE_LOOP_ANALYSIS = YES;
				CLANG_WARN_STRICT_PROTOTYPES = YES;
				CLANG_WARN_SUSPICIOUS_MOVE = YES;
				CLANG_WARN_UNGUARDED_AVAILABILITY = YES_AGGRESSIVE;
				CLANG_WARN_UNREACHABLE_CODE = YES;
				CLANG_WARN__DUPLICATE_METHOD_MATCH = YES;
				COPY_PHASE_STRIP = NO;
				DEBUG_INFORMATION_FORMAT = "dwarf-with-dsym";
				ENABLE_NS_ASSERTIONS = NO;
				ENABLE_STRICT_OBJC_MSGSEND = YES;
				GCC_C_LANGUAGE_STANDARD = gnu11;
				GCC_NO_COMMON_BLOCKS = YES;
				GCC_WARN_64_TO_32_BIT_CONVERSION = YES;
				GCC_WARN_ABOUT_RETURN_TYPE = YES_ERROR;
				GCC_WARN_UNDECLARED_SELECTOR = YES;
				GCC_WARN_UNINITIALIZED_AUTOS = YES_AGGRESSIVE;
				GCC_WARN_UNUSED_FUNCTION = YES;
				GCC_WARN_UNUSED_VARIABLE = YES;
				MACOSX_DEPLOYMENT_TARGET = 12.3;
				MTL_ENABLE_DEBUG_INFO = NO;
				MTL_FAST_MATH = YES;
				SDKROOT = macosx;
			};
			name = Release;
		};
		B11BC38F28CB111C0027C7F1 /* Debug */ = {
			isa = XCBuildConfiguration;
			buildSettings = {
				ASSETCATALOG_COMPILER_APPICON_NAME = AppIcon;
				ASSETCATALOG_COMPILER_GLOBAL_ACCENT_COLOR_NAME = AccentColor;
				CODE_SIGN_ENTITLEMENTS = "Assignment 2_Problem 1/Assignment_2_Problem_1.entitlements";
				CODE_SIGN_STYLE = Automatic;
				COMBINE_HIDPI_IMAGES = YES;
				CURRENT_PROJECT_VERSION = 1;
				DEVELOPMENT_TEAM = Y3ZG3S68X5;
				ENABLE_HARDENED_RUNTIME = YES;
				GENERATE_INFOPLIST_FILE = YES;
				INFOPLIST_KEY_NSHumanReadableCopyright = "";
				INFOPLIST_KEY_NSMainNibFile = MainMenu;
				INFOPLIST_KEY_NSPrincipalClass = NSApplication;
				LD_RUNPATH_SEARCH_PATHS = (
					"$(inherited)",
					"@executable_path/../Frameworks",
				);
				MARKETING_VERSION = 1.0;
				PRODUCT_BUNDLE_IDENTIFIER = "cmu.Assignment-2-Problem-1";
				PRODUCT_NAME = "$(TARGET_NAME)";
				SWIFT_EMIT_LOC_STRINGS = YES;
			};
			name = Debug;
		};
		B11BC39028CB111C0027C7F1 /* Release */ = {
			isa = XCBuildConfiguration;
			buildSettings = {
				ASSETCATALOG_COMPILER_APPICON_NAME = AppIcon;
				ASSETCATALOG_COMPILER_GLOBAL_ACCENT_COLOR_NAME = AccentColor;
				CODE_SIGN_ENTITLEMENTS = "Assignment 2_Problem 1/Assignment_2_Problem_1.entitlements";
				CODE_SIGN_STYLE = Automatic;
				COMBINE_HIDPI_IMAGES = YES;
				CURRENT_PROJECT_VERSION = 1;
				DEVELOPMENT_TEAM = Y3ZG3S68X5;
				ENABLE_HARDENED_RUNTIME = YES;
				GENERATE_INFOPLIST_FILE = YES;
				INFOPLIST_KEY_NSHumanReadableCopyright = "";
				INFOPLIST_KEY_NSMainNibFile = MainMenu;
				INFOPLIST_KEY_NSPrincipalClass = NSApplication;
				LD_RUNPATH_SEARCH_PATHS = (
					"$(inherited)",
					"@executable_path/../Frameworks",
				);
				MARKETING_VERSION = 1.0;
				PRODUCT_BUNDLE_IDENTIFIER = "cmu.Assignment-2-Problem-1";
				PRODUCT_NAME = "$(TARGET_NAME)";
				SWIFT_EMIT_LOC_STRINGS = YES;
			};
			name = Release;
		};
		B11BC39228CB111C0027C7F1 /* Debug */ = {
			isa = XCBuildConfiguration;
			buildSettings = {
				BUNDLE_LOADER = "$(TEST_HOST)";
				CODE_SIGN_STYLE = Automatic;
				CURRENT_PROJECT_VERSION = 1;
				DEVELOPMENT_TEAM = Y3ZG3S68X5;
				GENERATE_INFOPLIST_FILE = YES;
				MACOSX_DEPLOYMENT_TARGET = 12.3;
				MARKETING_VERSION = 1.0;
				PRODUCT_BUNDLE_IDENTIFIER = "cmu.Assignment-2-Problem-1Tests";
				PRODUCT_NAME = "$(TARGET_NAME)";
				SWIFT_EMIT_LOC_STRINGS = NO;
				TEST_HOST = "$(BUILT_PRODUCTS_DIR)/Assignment 2_Problem 1.app/Contents/MacOS/Assignment 2_Problem 1";
			};
			name = Debug;
		};
		B11BC39328CB111C0027C7F1 /* Release */ = {
			isa = XCBuildConfiguration;
			buildSettings = {
				BUNDLE_LOADER = "$(TEST_HOST)";
				CODE_SIGN_STYLE = Automatic;
				CURRENT_PROJECT_VERSION = 1;
				DEVELOPMENT_TEAM = Y3ZG3S68X5;
				GENERATE_INFOPLIST_FILE = YES;
				MACOSX_DEPLOYMENT_TARGET = 12.3;
				MARKETING_VERSION = 1.0;
				PRODUCT_BUNDLE_IDENTIFIER = "cmu.Assignment-2-Problem-1Tests";
				PRODUCT_NAME = "$(TARGET_NAME)";
				SWIFT_EMIT_LOC_STRINGS = NO;
				TEST_HOST = "$(BUILT_PRODUCTS_DIR)/Assignment 2_Problem 1.app/Contents/MacOS/Assignment 2_Problem 1";
			};
			name = Release;
		};
		B11BC39528CB111C0027C7F1 /* Debug */ = {
			isa = XCBuildConfiguration;
			buildSettings = {
				CODE_SIGN_STYLE = Automatic;
				CURRENT_PROJECT_VERSION = 1;
				DEVELOPMENT_TEAM = Y3ZG3S68X5;
				GENERATE_INFOPLIST_FILE = YES;
				MARKETING_VERSION = 1.0;
				PRODUCT_BUNDLE_IDENTIFIER = "cmu.Assignment-2-Problem-1UITests";
				PRODUCT_NAME = "$(TARGET_NAME)";
				SWIFT_EMIT_LOC_STRINGS = NO;
				TEST_TARGET_NAME = "Assignment 2_Problem 1";
			};
			name = Debug;
		};
		B11BC39628CB111C0027C7F1 /* Release */ = {
			isa = XCBuildConfiguration;
			buildSettings = {
				CODE_SIGN_STYLE = Automatic;
				CURRENT_PROJECT_VERSION = 1;
				DEVELOPMENT_TEAM = Y3ZG3S68X5;
				GENERATE_INFOPLIST_FILE = YES;
				MARKETING_VERSION = 1.0;
				PRODUCT_BUNDLE_IDENTIFIER = "cmu.Assignment-2-Problem-1UITests";
				PRODUCT_NAME = "$(TARGET_NAME)";
				SWIFT_EMIT_LOC_STRINGS = NO;
				TEST_TARGET_NAME = "Assignment 2_Problem 1";
			};
			name = Release;
		};
/* End XCBuildConfiguration section */

/* Begin XCConfigurationList section */
		B11BC36328CB111A0027C7F1 /* Build configuration list for PBXProject "Assignment 2_Problem 1" */ = {
			isa = XCConfigurationList;
			buildConfigurations = (
				B11BC38C28CB111C0027C7F1 /* Debug */,
				B11BC38D28CB111C0027C7F1 /* Release */,
			);
			defaultConfigurationIsVisible = 0;
			defaultConfigurationName = Release;
		};
		B11BC38E28CB111C0027C7F1 /* Build configuration list for PBXNativeTarget "Assignment 2_Problem 1" */ = {
			isa = XCConfigurationList;
			buildConfigurations = (
				B11BC38F28CB111C0027C7F1 /* Debug */,
				B11BC39028CB111C0027C7F1 /* Release */,
			);
			defaultConfigurationIsVisible = 0;
			defaultConfigurationName = Release;
		};
		B11BC39128CB111C0027C7F1 /* Build configuration list for PBXNativeTarget "Assignment 2_Problem 1Tests" */ = {
			isa = XCConfigurationList;
			buildConfigurations = (
				B11BC39228CB111C0027C7F1 /* Debug */,
				B11BC39328CB111C0027C7F1 /* Release */,
			);
			defaultConfigurationIsVisible = 0;
			defaultConfigurationName = Release;
		};
		B11BC39428CB111C0027C7F1 /* Build configuration list for PBXNativeTarget "Assignment 2_Problem 1UITests" */ = {
			isa = XCConfigurationList;
			buildConfigurations = (
				B11BC39528CB111C0027C7F1 /* Debug */,
				B11BC39628CB111C0027C7F1 /* Release */,
			);
			defaultConfigurationIsVisible = 0;
			defaultConfigurationName = Release;
		};
/* End XCConfigurationList section */
	};
	rootObject = B11BC36028CB111A0027C7F1 /* Project object */;
}
