// !$*UTF8*$!
{
	archiveVersion = 1;
	classes = {
	};
	objectVersion = 55;
	objects = {

/* Begin PBXBuildFile section */
		B1D7DF1E28D9867800FB7262 /* Assets.xcassets in Resources */ = {isa = PBXBuildFile; fileRef = B1D7DF1D28D9867800FB7262 /* Assets.xcassets */; };
		B1D7DF2128D9867800FB7262 /* MainMenu.xib in Resources */ = {isa = PBXBuildFile; fileRef = B1D7DF1F28D9867800FB7262 /* MainMenu.xib */; };
		B1D7DF2E28D9867800FB7262 /* Assignment_3___Pb2Tests.m in Sources */ = {isa = PBXBuildFile; fileRef = B1D7DF2D28D9867800FB7262 /* Assignment_3___Pb2Tests.m */; };
		B1D7DF3828D9867800FB7262 /* Assignment_3___Pb2UITests.m in Sources */ = {isa = PBXBuildFile; fileRef = B1D7DF3728D9867800FB7262 /* Assignment_3___Pb2UITests.m */; };
		B1D7DF3A28D9867800FB7262 /* Assignment_3___Pb2UITestsLaunchTests.m in Sources */ = {isa = PBXBuildFile; fileRef = B1D7DF3928D9867800FB7262 /* Assignment_3___Pb2UITestsLaunchTests.m */; };
		B1D7DF4828D986A000FB7262 /* OpenGL.framework in Frameworks */ = {isa = PBXBuildFile; fileRef = B1D7DF4728D986A000FB7262 /* OpenGL.framework */; };
		B1D7DF4A28D986A900FB7262 /* Cocoa.framework in Frameworks */ = {isa = PBXBuildFile; fileRef = B1D7DF4928D986A900FB7262 /* Cocoa.framework */; };
		B1D7DF4E28D986BF00FB7262 /* fssimplewindowcpp.cpp in Sources */ = {isa = PBXBuildFile; fileRef = B1D7DF4B28D986BF00FB7262 /* fssimplewindowcpp.cpp */; };
		B1D7DF4F28D986BF00FB7262 /* fssimplewindowobjc.m in Sources */ = {isa = PBXBuildFile; fileRef = B1D7DF4D28D986BF00FB7262 /* fssimplewindowobjc.m */; };
		B1D7DF5128D986D200FB7262 /* ps3-2.cpp in Sources */ = {isa = PBXBuildFile; fileRef = B1D7DF5028D986D200FB7262 /* ps3-2.cpp */; };
/* End PBXBuildFile section */

/* Begin PBXContainerItemProxy section */
		B1D7DF2A28D9867800FB7262 /* PBXContainerItemProxy */ = {
			isa = PBXContainerItemProxy;
			containerPortal = B1D7DF0F28D9867700FB7262 /* Project object */;
			proxyType = 1;
			remoteGlobalIDString = B1D7DF1628D9867700FB7262;
			remoteInfo = "Assignment 3 - Pb2";
		};
		B1D7DF3428D9867800FB7262 /* PBXContainerItemProxy */ = {
			isa = PBXContainerItemProxy;
			containerPortal = B1D7DF0F28D9867700FB7262 /* Project object */;
			proxyType = 1;
			remoteGlobalIDString = B1D7DF1628D9867700FB7262;
			remoteInfo = "Assignment 3 - Pb2";
		};
/* End PBXContainerItemProxy section */

/* Begin PBXFileReference section */
		B1D7DF1728D9867700FB7262 /* Assignment 3 - Pb2.app */ = {isa = PBXFileReference; explicitFileType = wrapper.application; includeInIndex = 0; path = "Assignment 3 - Pb2.app"; sourceTree = BUILT_PRODUCTS_DIR; };
		B1D7DF1D28D9867800FB7262 /* Assets.xcassets */ = {isa = PBXFileReference; lastKnownFileType = folder.assetcatalog; path = Assets.xcassets; sourceTree = "<group>"; };
		B1D7DF2028D9867800FB7262 /* Base */ = {isa = PBXFileReference; lastKnownFileType = file.xib; name = Base; path = Base.lproj/MainMenu.xib; sourceTree = "<group>"; };
		B1D7DF2428D9867800FB7262 /* Assignment_3___Pb2.entitlements */ = {isa = PBXFileReference; lastKnownFileType = text.plist.entitlements; path = "Assignment_3___Pb2.entitlements"; sourceTree = "<group>"; };
		B1D7DF2928D9867800FB7262 /* Assignment 3 - Pb2Tests.xctest */ = {isa = PBXFileReference; explicitFileType = wrapper.cfbundle; includeInIndex = 0; path = "Assignment 3 - Pb2Tests.xctest"; sourceTree = BUILT_PRODUCTS_DIR; };
		B1D7DF2D28D9867800FB7262 /* Assignment_3___Pb2Tests.m */ = {isa = PBXFileReference; lastKnownFileType = sourcecode.c.objc; path = "Assignment_3___Pb2Tests.m"; sourceTree = "<group>"; };
		B1D7DF3328D9867800FB7262 /* Assignment 3 - Pb2UITests.xctest */ = {isa = PBXFileReference; explicitFileType = wrapper.cfbundle; includeInIndex = 0; path = "Assignment 3 - Pb2UITests.xctest"; sourceTree = BUILT_PRODUCTS_DIR; };
		B1D7DF3728D9867800FB7262 /* Assignment_3___Pb2UITests.m */ = {isa = PBXFileReference; lastKnownFileType = sourcecode.c.objc; path = "Assignment_3___Pb2UITests.m"; sourceTree = "<group>"; };
		B1D7DF3928D9867800FB7262 /* Assignment_3___Pb2UITestsLaunchTests.m */ = {isa = PBXFileReference; lastKnownFileType = sourcecode.c.objc; path = "Assignment_3___Pb2UITestsLaunchTests.m"; sourceTree = "<group>"; };
		B1D7DF4728D986A000FB7262 /* OpenGL.framework */ = {isa = PBXFileReference; lastKnownFileType = wrapper.framework; name = OpenGL.framework; path = System/Library/Frameworks/OpenGL.framework; sourceTree = SDKROOT; };
		B1D7DF4928D986A900FB7262 /* Cocoa.framework */ = {isa = PBXFileReference; lastKnownFileType = wrapper.framework; name = Cocoa.framework; path = System/Library/Frameworks/Cocoa.framework; sourceTree = SDKROOT; };
		B1D7DF4B28D986BF00FB7262 /* fssimplewindowcpp.cpp */ = {isa = PBXFileReference; fileEncoding = 4; lastKnownFileType = sourcecode.cpp.cpp; name = fssimplewindowcpp.cpp; path = "../../../../OpenGL Setup/macosx/fssimplewindowcpp.cpp"; sourceTree = "<group>"; };
		B1D7DF4C28D986BF00FB7262 /* fssimplewindow.h */ = {isa = PBXFileReference; fileEncoding = 4; lastKnownFileType = sourcecode.c.h; name = fssimplewindow.h; path = "../../../../OpenGL Setup/macosx/fssimplewindow.h"; sourceTree = "<group>"; };
		B1D7DF4D28D986BF00FB7262 /* fssimplewindowobjc.m */ = {isa = PBXFileReference; fileEncoding = 4; lastKnownFileType = sourcecode.c.objc; name = fssimplewindowobjc.m; path = "../../../../OpenGL Setup/macosx/fssimplewindowobjc.m"; sourceTree = "<group>"; };
		B1D7DF5028D986D200FB7262 /* ps3-2.cpp */ = {isa = PBXFileReference; lastKnownFileType = sourcecode.cpp.cpp; path = "ps3-2.cpp"; sourceTree = "<group>"; };
/* End PBXFileReference section */

/* Begin PBXFrameworksBuildPhase section */
		B1D7DF1428D9867700FB7262 /* Frameworks */ = {
			isa = PBXFrameworksBuildPhase;
			buildActionMask = 2147483647;
			files = (
				B1D7DF4A28D986A900FB7262 /* Cocoa.framework in Frameworks */,
				B1D7DF4828D986A000FB7262 /* OpenGL.framework in Frameworks */,
			);
			runOnlyForDeploymentPostprocessing = 0;
		};
		B1D7DF2628D9867800FB7262 /* Frameworks */ = {
			isa = PBXFrameworksBuildPhase;
			buildActionMask = 2147483647;
			files = (
			);
			runOnlyForDeploymentPostprocessing = 0;
		};
		B1D7DF3028D9867800FB7262 /* Frameworks */ = {
			isa = PBXFrameworksBuildPhase;
			buildActionMask = 2147483647;
			files = (
			);
			runOnlyForDeploymentPostprocessing = 0;
		};
/* End PBXFrameworksBuildPhase section */

/* Begin PBXGroup section */
		B1D7DF0E28D9867700FB7262 = {
			isa = PBXGroup;
			children = (
				B1D7DF1928D9867700FB7262 /* Assignment 3 - Pb2 */,
				B1D7DF2C28D9867800FB7262 /* Assignment 3 - Pb2Tests */,
				B1D7DF3628D9867800FB7262 /* Assignment 3 - Pb2UITests */,
				B1D7DF1828D9867700FB7262 /* Products */,
				B1D7DF4628D986A000FB7262 /* Frameworks */,
			);
			sourceTree = "<group>";
		};
		B1D7DF1828D9867700FB7262 /* Products */ = {
			isa = PBXGroup;
			children = (
				B1D7DF1728D9867700FB7262 /* Assignment 3 - Pb2.app */,
				B1D7DF2928D9867800FB7262 /* Assignment 3 - Pb2Tests.xctest */,
				B1D7DF3328D9867800FB7262 /* Assignment 3 - Pb2UITests.xctest */,
			);
			name = Products;
			sourceTree = "<group>";
		};
		B1D7DF1928D9867700FB7262 /* Assignment 3 - Pb2 */ = {
			isa = PBXGroup;
			children = (
				B1D7DF4C28D986BF00FB7262 /* fssimplewindow.h */,
				B1D7DF4B28D986BF00FB7262 /* fssimplewindowcpp.cpp */,
				B1D7DF4D28D986BF00FB7262 /* fssimplewindowobjc.m */,
				B1D7DF1D28D9867800FB7262 /* Assets.xcassets */,
				B1D7DF1F28D9867800FB7262 /* MainMenu.xib */,
				B1D7DF2428D9867800FB7262 /* Assignment_3___Pb2.entitlements */,
				B1D7DF5028D986D200FB7262 /* ps3-2.cpp */,
			);
			path = "Assignment 3 - Pb2";
			sourceTree = "<group>";
		};
		B1D7DF2C28D9867800FB7262 /* Assignment 3 - Pb2Tests */ = {
			isa = PBXGroup;
			children = (
				B1D7DF2D28D9867800FB7262 /* Assignment_3___Pb2Tests.m */,
			);
			path = "Assignment 3 - Pb2Tests";
			sourceTree = "<group>";
		};
		B1D7DF3628D9867800FB7262 /* Assignment 3 - Pb2UITests */ = {
			isa = PBXGroup;
			children = (
				B1D7DF3728D9867800FB7262 /* Assignment_3___Pb2UITests.m */,
				B1D7DF3928D9867800FB7262 /* Assignment_3___Pb2UITestsLaunchTests.m */,
			);
			path = "Assignment 3 - Pb2UITests";
			sourceTree = "<group>";
		};
		B1D7DF4628D986A000FB7262 /* Frameworks */ = {
			isa = PBXGroup;
			children = (
				B1D7DF4928D986A900FB7262 /* Cocoa.framework */,
				B1D7DF4728D986A000FB7262 /* OpenGL.framework */,
			);
			name = Frameworks;
			sourceTree = "<group>";
		};
/* End PBXGroup section */

/* Begin PBXNativeTarget section */
		B1D7DF1628D9867700FB7262 /* Assignment 3 - Pb2 */ = {
			isa = PBXNativeTarget;
			buildConfigurationList = B1D7DF3D28D9867800FB7262 /* Build configuration list for PBXNativeTarget "Assignment 3 - Pb2" */;
			buildPhases = (
				B1D7DF1328D9867700FB7262 /* Sources */,
				B1D7DF1428D9867700FB7262 /* Frameworks */,
				B1D7DF1528D9867700FB7262 /* Resources */,
			);
			buildRules = (
			);
			dependencies = (
			);
			name = "Assignment 3 - Pb2";
			productName = "Assignment 3 - Pb2";
			productReference = B1D7DF1728D9867700FB7262 /* Assignment 3 - Pb2.app */;
			productType = "com.apple.product-type.application";
		};
		B1D7DF2828D9867800FB7262 /* Assignment 3 - Pb2Tests */ = {
			isa = PBXNativeTarget;
			buildConfigurationList = B1D7DF4028D9867800FB7262 /* Build configuration list for PBXNativeTarget "Assignment 3 - Pb2Tests" */;
			buildPhases = (
				B1D7DF2528D9867800FB7262 /* Sources */,
				B1D7DF2628D9867800FB7262 /* Frameworks */,
				B1D7DF2728D9867800FB7262 /* Resources */,
			);
			buildRules = (
			);
			dependencies = (
				B1D7DF2B28D9867800FB7262 /* PBXTargetDependency */,
			);
			name = "Assignment 3 - Pb2Tests";
			productName = "Assignment 3 - Pb2Tests";
			productReference = B1D7DF2928D9867800FB7262 /* Assignment 3 - Pb2Tests.xctest */;
			productType = "com.apple.product-type.bundle.unit-test";
		};
		B1D7DF3228D9867800FB7262 /* Assignment 3 - Pb2UITests */ = {
			isa = PBXNativeTarget;
			buildConfigurationList = B1D7DF4328D9867800FB7262 /* Build configuration list for PBXNativeTarget "Assignment 3 - Pb2UITests" */;
			buildPhases = (
				B1D7DF2F28D9867800FB7262 /* Sources */,
				B1D7DF3028D9867800FB7262 /* Frameworks */,
				B1D7DF3128D9867800FB7262 /* Resources */,
			);
			buildRules = (
			);
			dependencies = (
				B1D7DF3528D9867800FB7262 /* PBXTargetDependency */,
			);
			name = "Assignment 3 - Pb2UITests";
			productName = "Assignment 3 - Pb2UITests";
			productReference = B1D7DF3328D9867800FB7262 /* Assignment 3 - Pb2UITests.xctest */;
			productType = "com.apple.product-type.bundle.ui-testing";
		};
/* End PBXNativeTarget section */

/* Begin PBXProject section */
		B1D7DF0F28D9867700FB7262 /* Project object */ = {
			isa = PBXProject;
			attributes = {
				BuildIndependentTargetsInParallel = 1;
				LastUpgradeCheck = 1340;
				TargetAttributes = {
					B1D7DF1628D9867700FB7262 = {
						CreatedOnToolsVersion = 13.4.1;
					};
					B1D7DF2828D9867800FB7262 = {
						CreatedOnToolsVersion = 13.4.1;
						TestTargetID = B1D7DF1628D9867700FB7262;
					};
					B1D7DF3228D9867800FB7262 = {
						CreatedOnToolsVersion = 13.4.1;
						TestTargetID = B1D7DF1628D9867700FB7262;
					};
				};
			};
			buildConfigurationList = B1D7DF1228D9867700FB7262 /* Build configuration list for PBXProject "Assignment 3 - Pb2" */;
			compatibilityVersion = "Xcode 13.0";
			developmentRegion = en;
			hasScannedForEncodings = 0;
			knownRegions = (
				en,
				Base,
			);
			mainGroup = B1D7DF0E28D9867700FB7262;
			productRefGroup = B1D7DF1828D9867700FB7262 /* Products */;
			projectDirPath = "";
			projectRoot = "";
			targets = (
				B1D7DF1628D9867700FB7262 /* Assignment 3 - Pb2 */,
				B1D7DF2828D9867800FB7262 /* Assignment 3 - Pb2Tests */,
				B1D7DF3228D9867800FB7262 /* Assignment 3 - Pb2UITests */,
			);
		};
/* End PBXProject section */

/* Begin PBXResourcesBuildPhase section */
		B1D7DF1528D9867700FB7262 /* Resources */ = {
			isa = PBXResourcesBuildPhase;
			buildActionMask = 2147483647;
			files = (
				B1D7DF1E28D9867800FB7262 /* Assets.xcassets in Resources */,
				B1D7DF2128D9867800FB7262 /* MainMenu.xib in Resources */,
			);
			runOnlyForDeploymentPostprocessing = 0;
		};
		B1D7DF2728D9867800FB7262 /* Resources */ = {
			isa = PBXResourcesBuildPhase;
			buildActionMask = 2147483647;
			files = (
			);
			runOnlyForDeploymentPostprocessing = 0;
		};
		B1D7DF3128D9867800FB7262 /* Resources */ = {
			isa = PBXResourcesBuildPhase;
			buildActionMask = 2147483647;
			files = (
			);
			runOnlyForDeploymentPostprocessing = 0;
		};
/* End PBXResourcesBuildPhase section */

/* Begin PBXSourcesBuildPhase section */
		B1D7DF1328D9867700FB7262 /* Sources */ = {
			isa = PBXSourcesBuildPhase;
			buildActionMask = 2147483647;
			files = (
				B1D7DF4F28D986BF00FB7262 /* fssimplewindowobjc.m in Sources */,
				B1D7DF4E28D986BF00FB7262 /* fssimplewindowcpp.cpp in Sources */,
				B1D7DF5128D986D200FB7262 /* ps3-2.cpp in Sources */,
			);
			runOnlyForDeploymentPostprocessing = 0;
		};
		B1D7DF2528D9867800FB7262 /* Sources */ = {
			isa = PBXSourcesBuildPhase;
			buildActionMask = 2147483647;
			files = (
				B1D7DF2E28D9867800FB7262 /* Assignment_3___Pb2Tests.m in Sources */,
			);
			runOnlyForDeploymentPostprocessing = 0;
		};
		B1D7DF2F28D9867800FB7262 /* Sources */ = {
			isa = PBXSourcesBuildPhase;
			buildActionMask = 2147483647;
			files = (
				B1D7DF3A28D9867800FB7262 /* Assignment_3___Pb2UITestsLaunchTests.m in Sources */,
				B1D7DF3828D9867800FB7262 /* Assignment_3___Pb2UITests.m in Sources */,
			);
			runOnlyForDeploymentPostprocessing = 0;
		};
/* End PBXSourcesBuildPhase section */

/* Begin PBXTargetDependency section */
		B1D7DF2B28D9867800FB7262 /* PBXTargetDependency */ = {
			isa = PBXTargetDependency;
			target = B1D7DF1628D9867700FB7262 /* Assignment 3 - Pb2 */;
			targetProxy = B1D7DF2A28D9867800FB7262 /* PBXContainerItemProxy */;
		};
		B1D7DF3528D9867800FB7262 /* PBXTargetDependency */ = {
			isa = PBXTargetDependency;
			target = B1D7DF1628D9867700FB7262 /* Assignment 3 - Pb2 */;
			targetProxy = B1D7DF3428D9867800FB7262 /* PBXContainerItemProxy */;
		};
/* End PBXTargetDependency section */

/* Begin PBXVariantGroup section */
		B1D7DF1F28D9867800FB7262 /* MainMenu.xib */ = {
			isa = PBXVariantGroup;
			children = (
				B1D7DF2028D9867800FB7262 /* Base */,
			);
			name = MainMenu.xib;
			sourceTree = "<group>";
		};
/* End PBXVariantGroup section */

/* Begin XCBuildConfiguration section */
		B1D7DF3B28D9867800FB7262 /* Debug */ = {
			isa = XCBuildConfiguration;
			buildSettings = {
				ALWAYS_SEARCH_USER_PATHS = NO;
				CLANG_ANALYZER_NONNULL = YES;
				CLANG_ANALYZER_NUMBER_OBJECT_CONVERSION = YES_AGGRESSIVE;
				CLANG_CXX_LANGUAGE_STANDARD = "gnu++17";
				CLANG_ENABLE_MODULES = YES;
				CLANG_ENABLE_OBJC_ARC = YES;
				CLANG_ENABLE_OBJC_WEAK = YES;
				CLANG_WARN_BLOCK_CAPTURE_AUTORELEASING = YES;
				CLANG_WARN_BOOL_CONVERSION = YES;
				CLANG_WARN_COMMA = YES;
				CLANG_WARN_CONSTANT_CONVERSION = YES;
				CLANG_WARN_DEPRECATED_OBJC_IMPLEMENTATIONS = YES;
				CLANG_WARN_DIRECT_OBJC_ISA_USAGE = YES_ERROR;
				CLANG_WARN_DOCUMENTATION_COMMENTS = YES;
				CLANG_WARN_EMPTY_BODY = YES;
				CLANG_WARN_ENUM_CONVERSION = YES;
				CLANG_WARN_INFINITE_RECURSION = YES;
				CLANG_WARN_INT_CONVERSION = YES;
				CLANG_WARN_NON_LITERAL_NULL_CONVERSION = YES;
				CLANG_WARN_OBJC_IMPLICIT_RETAIN_SELF = YES;
				CLANG_WARN_OBJC_LITERAL_CONVERSION = YES;
				CLANG_WARN_OBJC_ROOT_CLASS = YES_ERROR;
				CLANG_WARN_QUOTED_INCLUDE_IN_FRAMEWORK_HEADER = YES;
				CLANG_WARN_RANGE_LOOP_ANALYSIS = YES;
				CLANG_WARN_STRICT_PROTOTYPES = YES;
				CLANG_WARN_SUSPICIOUS_MOVE = YES;
				CLANG_WARN_UNGUARDED_AVAILABILITY = YES_AGGRESSIVE;
				CLANG_WARN_UNREACHABLE_CODE = YES;
				CLANG_WARN__DUPLICATE_METHOD_MATCH = YES;
				COPY_PHASE_STRIP = NO;
				DEBUG_INFORMATION_FORMAT = dwarf;
				ENABLE_STRICT_OBJC_MSGSEND = YES;
				ENABLE_TESTABILITY = YES;
				GCC_C_LANGUAGE_STANDARD = gnu11;
				GCC_DYNAMIC_NO_PIC = NO;
				GCC_NO_COMMON_BLOCKS = YES;
				GCC_OPTIMIZATION_LEVEL = 0;
				GCC_PREPROCESSOR_DEFINITIONS = (
					"DEBUG=1",
					"$(inherited)",
				);
				GCC_WARN_64_TO_32_BIT_CONVERSION = YES;
				GCC_WARN_ABOUT_RETURN_TYPE = YES_ERROR;
				GCC_WARN_UNDECLARED_SELECTOR = YES;
				GCC_WARN_UNINITIALIZED_AUTOS = YES_AGGRESSIVE;
				GCC_WARN_UNUSED_FUNCTION = YES;
				GCC_WARN_UNUSED_VARIABLE = YES;
				MACOSX_DEPLOYMENT_TARGET = 12.3;
				MTL_ENABLE_DEBUG_INFO = INCLUDE_SOURCE;
				MTL_FAST_MATH = YES;
				ONLY_ACTIVE_ARCH = YES;
				SDKROOT = macosx;
			};
			name = Debug;
		};
		B1D7DF3C28D9867800FB7262 /* Release */ = {
			isa = XCBuildConfiguration;
			buildSettings = {
				ALWAYS_SEARCH_USER_PATHS = NO;
				CLANG_ANALYZER_NONNULL = YES;
				CLANG_ANALYZER_NUMBER_OBJECT_CONVERSION = YES_AGGRESSIVE;
				CLANG_CXX_LANGUAGE_STANDARD = "gnu++17";
				CLANG_ENABLE_MODULES = YES;
				CLANG_ENABLE_OBJC_ARC = YES;
				CLANG_ENABLE_OBJC_WEAK = YES;
				CLANG_WARN_BLOCK_CAPTURE_AUTORELEASING = YES;
				CLANG_WARN_BOOL_CONVERSION = YES;
				CLANG_WARN_COMMA = YES;
				CLANG_WARN_CONSTANT_CONVERSION = YES;
				CLANG_WARN_DEPRECATED_OBJC_IMPLEMENTATIONS = YES;
				CLANG_WARN_DIRECT_OBJC_ISA_USAGE = YES_ERROR;
				CLANG_WARN_DOCUMENTATION_COMMENTS = YES;
				CLANG_WARN_EMPTY_BODY = YES;
				CLANG_WARN_ENUM_CONVERSION = YES;
				CLANG_WARN_INFINITE_RECURSION = YES;
				CLANG_WARN_INT_CONVERSION = YES;
				CLANG_WARN_NON_LITERAL_NULL_CONVERSION = YES;
				CLANG_WARN_OBJC_IMPLICIT_RETAIN_SELF = YES;
				CLANG_WARN_OBJC_LITERAL_CONVERSION = YES;
				CLANG_WARN_OBJC_ROOT_CLASS = YES_ERROR;
				CLANG_WARN_QUOTED_INCLUDE_IN_FRAMEWORK_HEADER = YES;
				CLANG_WARN_RANGE_LOOP_ANALYSIS = YES;
				CLANG_WARN_STRICT_PROTOTYPES = YES;
				CLANG_WARN_SUSPICIOUS_MOVE = YES;
				CLANG_WARN_UNGUARDED_AVAILABILITY = YES_AGGRESSIVE;
				CLANG_WARN_UNREACHABLE_CODE = YES;
				CLANG_WARN__DUPLICATE_METHOD_MATCH = YES;
				COPY_PHASE_STRIP = NO;
				DEBUG_INFORMATION_FORMAT = "dwarf-with-dsym";
				ENABLE_NS_ASSERTIONS = NO;
				ENABLE_STRICT_OBJC_MSGSEND = YES;
				GCC_C_LANGUAGE_STANDARD = gnu11;
				GCC_NO_COMMON_BLOCKS = YES;
				GCC_WARN_64_TO_32_BIT_CONVERSION = YES;
				GCC_WARN_ABOUT_RETURN_TYPE = YES_ERROR;
				GCC_WARN_UNDECLARED_SELECTOR = YES;
				GCC_WARN_UNINITIALIZED_AUTOS = YES_AGGRESSIVE;
				GCC_WARN_UNUSED_FUNCTION = YES;
				GCC_WARN_UNUSED_VARIABLE = YES;
				MACOSX_DEPLOYMENT_TARGET = 12.3;
				MTL_ENABLE_DEBUG_INFO = NO;
				MTL_FAST_MATH = YES;
				SDKROOT = macosx;
			};
			name = Release;
		};
		B1D7DF3E28D9867800FB7262 /* Debug */ = {
			isa = XCBuildConfiguration;
			buildSettings = {
				ASSETCATALOG_COMPILER_APPICON_NAME = AppIcon;
				ASSETCATALOG_COMPILER_GLOBAL_ACCENT_COLOR_NAME = AccentColor;
				CODE_SIGN_ENTITLEMENTS = "Assignment 3 - Pb2/Assignment_3___Pb2.entitlements";
				CODE_SIGN_STYLE = Automatic;
				COMBINE_HIDPI_IMAGES = YES;
				CURRENT_PROJECT_VERSION = 1;
				DEVELOPMENT_TEAM = Y3ZG3S68X5;
				ENABLE_HARDENED_RUNTIME = YES;
				GENERATE_INFOPLIST_FILE = YES;
				INFOPLIST_KEY_NSHumanReadableCopyright = "";
				INFOPLIST_KEY_NSMainNibFile = MainMenu;
				INFOPLIST_KEY_NSPrincipalClass = NSApplication;
				LD_RUNPATH_SEARCH_PATHS = (
					"$(inherited)",
					"@executable_path/../Frameworks",
				);
				MARKETING_VERSION = 1.0;
				PRODUCT_BUNDLE_IDENTIFIER = "cmu.Assignment-3---Pb2";
				PRODUCT_NAME = "$(TARGET_NAME)";
				SWIFT_EMIT_LOC_STRINGS = YES;
			};
			name = Debug;
		};
		B1D7DF3F28D9867800FB7262 /* Release */ = {
			isa = XCBuildConfiguration;
			buildSettings = {
				ASSETCATALOG_COMPILER_APPICON_NAME = AppIcon;
				ASSETCATALOG_COMPILER_GLOBAL_ACCENT_COLOR_NAME = AccentColor;
				CODE_SIGN_ENTITLEMENTS = "Assignment 3 - Pb2/Assignment_3___Pb2.entitlements";
				CODE_SIGN_STYLE = Automatic;
				COMBINE_HIDPI_IMAGES = YES;
				CURRENT_PROJECT_VERSION = 1;
				DEVELOPMENT_TEAM = Y3ZG3S68X5;
				ENABLE_HARDENED_RUNTIME = YES;
				GENERATE_INFOPLIST_FILE = YES;
				INFOPLIST_KEY_NSHumanReadableCopyright = "";
				INFOPLIST_KEY_NSMainNibFile = MainMenu;
				INFOPLIST_KEY_NSPrincipalClass = NSApplication;
				LD_RUNPATH_SEARCH_PATHS = (
					"$(inherited)",
					"@executable_path/../Frameworks",
				);
				MARKETING_VERSION = 1.0;
				PRODUCT_BUNDLE_IDENTIFIER = "cmu.Assignment-3---Pb2";
				PRODUCT_NAME = "$(TARGET_NAME)";
				SWIFT_EMIT_LOC_STRINGS = YES;
			};
			name = Release;
		};
		B1D7DF4128D9867800FB7262 /* Debug */ = {
			isa = XCBuildConfiguration;
			buildSettings = {
				BUNDLE_LOADER = "$(TEST_HOST)";
				CODE_SIGN_STYLE = Automatic;
				CURRENT_PROJECT_VERSION = 1;
				DEVELOPMENT_TEAM = Y3ZG3S68X5;
				GENERATE_INFOPLIST_FILE = YES;
				MACOSX_DEPLOYMENT_TARGET = 12.3;
				MARKETING_VERSION = 1.0;
				PRODUCT_BUNDLE_IDENTIFIER = "cmu.Assignment-3---Pb2Tests";
				PRODUCT_NAME = "$(TARGET_NAME)";
				SWIFT_EMIT_LOC_STRINGS = NO;
				TEST_HOST = "$(BUILT_PRODUCTS_DIR)/Assignment 3 - Pb2.app/Contents/MacOS/Assignment 3 - Pb2";
			};
			name = Debug;
		};
		B1D7DF4228D9867800FB7262 /* Release */ = {
			isa = XCBuildConfiguration;
			buildSettings = {
				BUNDLE_LOADER = "$(TEST_HOST)";
				CODE_SIGN_STYLE = Automatic;
				CURRENT_PROJECT_VERSION = 1;
				DEVELOPMENT_TEAM = Y3ZG3S68X5;
				GENERATE_INFOPLIST_FILE = YES;
				MACOSX_DEPLOYMENT_TARGET = 12.3;
				MARKETING_VERSION = 1.0;
				PRODUCT_BUNDLE_IDENTIFIER = "cmu.Assignment-3---Pb2Tests";
				PRODUCT_NAME = "$(TARGET_NAME)";
				SWIFT_EMIT_LOC_STRINGS = NO;
				TEST_HOST = "$(BUILT_PRODUCTS_DIR)/Assignment 3 - Pb2.app/Contents/MacOS/Assignment 3 - Pb2";
			};
			name = Release;
		};
		B1D7DF4428D9867800FB7262 /* Debug */ = {
			isa = XCBuildConfiguration;
			buildSettings = {
				CODE_SIGN_STYLE = Automatic;
				CURRENT_PROJECT_VERSION = 1;
				DEVELOPMENT_TEAM = Y3ZG3S68X5;
				GENERATE_INFOPLIST_FILE = YES;
				MARKETING_VERSION = 1.0;
				PRODUCT_BUNDLE_IDENTIFIER = "cmu.Assignment-3---Pb2UITests";
				PRODUCT_NAME = "$(TARGET_NAME)";
				SWIFT_EMIT_LOC_STRINGS = NO;
				TEST_TARGET_NAME = "Assignment 3 - Pb2";
			};
			name = Debug;
		};
		B1D7DF4528D9867800FB7262 /* Release */ = {
			isa = XCBuildConfiguration;
			buildSettings = {
				CODE_SIGN_STYLE = Automatic;
				CURRENT_PROJECT_VERSION = 1;
				DEVELOPMENT_TEAM = Y3ZG3S68X5;
				GENERATE_INFOPLIST_FILE = YES;
				MARKETING_VERSION = 1.0;
				PRODUCT_BUNDLE_IDENTIFIER = "cmu.Assignment-3---Pb2UITests";
				PRODUCT_NAME = "$(TARGET_NAME)";
				SWIFT_EMIT_LOC_STRINGS = NO;
				TEST_TARGET_NAME = "Assignment 3 - Pb2";
			};
			name = Release;
		};
/* End XCBuildConfiguration section */

/* Begin XCConfigurationList section */
		B1D7DF1228D9867700FB7262 /* Build configuration list for PBXProject "Assignment 3 - Pb2" */ = {
			isa = XCConfigurationList;
			buildConfigurations = (
				B1D7DF3B28D9867800FB7262 /* Debug */,
				B1D7DF3C28D9867800FB7262 /* Release */,
			);
			defaultConfigurationIsVisible = 0;
			defaultConfigurationName = Release;
		};
		B1D7DF3D28D9867800FB7262 /* Build configuration list for PBXNativeTarget "Assignment 3 - Pb2" */ = {
			isa = XCConfigurationList;
			buildConfigurations = (
				B1D7DF3E28D9867800FB7262 /* Debug */,
				B1D7DF3F28D9867800FB7262 /* Release */,
			);
			defaultConfigurationIsVisible = 0;
			defaultConfigurationName = Release;
		};
		B1D7DF4028D9867800FB7262 /* Build configuration list for PBXNativeTarget "Assignment 3 - Pb2Tests" */ = {
			isa = XCConfigurationList;
			buildConfigurations = (
				B1D7DF4128D9867800FB7262 /* Debug */,
				B1D7DF4228D9867800FB7262 /* Release */,
			);
			defaultConfigurationIsVisible = 0;
			defaultConfigurationName = Release;
		};
		B1D7DF4328D9867800FB7262 /* Build configuration list for PBXNativeTarget "Assignment 3 - Pb2UITests" */ = {
			isa = XCConfigurationList;
			buildConfigurations = (
				B1D7DF4428D9867800FB7262 /* Debug */,
				B1D7DF4528D9867800FB7262 /* Release */,
			);
			defaultConfigurationIsVisible = 0;
			defaultConfigurationName = Release;
		};
/* End XCConfigurationList section */
	};
	rootObject = B1D7DF0F28D9867700FB7262 /* Project object */;
}
