// !$*UTF8*$!
{
	archiveVersion = 1;
	classes = {
	};
	objectVersion = 56;
	objects = {

/* Begin PBXBuildFile section */
		B1C386D328F3BE95007E1473 /* Assets.xcassets in Resources */ = {isa = PBXBuildFile; fileRef = B1C386D228F3BE95007E1473 /* Assets.xcassets */; };
		B1C386D628F3BE95007E1473 /* MainMenu.xib in Resources */ = {isa = PBXBuildFile; fileRef = B1C386D428F3BE95007E1473 /* MainMenu.xib */; };
		B1C386E328F3BE95007E1473 /* Assignment_6___Problem_1Tests.m in Sources */ = {isa = PBXBuildFile; fileRef = B1C386E228F3BE95007E1473 /* Assignment_6___Problem_1Tests.m */; };
		B1C386ED28F3BE95007E1473 /* Assignment_6___Problem_1UITests.m in Sources */ = {isa = PBXBuildFile; fileRef = B1C386EC28F3BE95007E1473 /* Assignment_6___Problem_1UITests.m */; };
		B1C386EF28F3BE95007E1473 /* Assignment_6___Problem_1UITestsLaunchTests.m in Sources */ = {isa = PBXBuildFile; fileRef = B1C386EE28F3BE95007E1473 /* Assignment_6___Problem_1UITestsLaunchTests.m */; };
		B1C386FE28F3BEC3007E1473 /* fssimplewindowcpp.cpp in Sources */ = {isa = PBXBuildFile; fileRef = B1C386FB28F3BEC3007E1473 /* fssimplewindowcpp.cpp */; };
		B1C386FF28F3BEC3007E1473 /* fssimplewindowobjc.m in Sources */ = {isa = PBXBuildFile; fileRef = B1C386FC28F3BEC3007E1473 /* fssimplewindowobjc.m */; };
		B1C3870228F3BECD007E1473 /* OpenGL.framework in Frameworks */ = {isa = PBXBuildFile; fileRef = B1C3870128F3BECD007E1473 /* OpenGL.framework */; };
		B1C3870428F3BED3007E1473 /* Cocoa.framework in Frameworks */ = {isa = PBXBuildFile; fileRef = B1C3870328F3BED3007E1473 /* Cocoa.framework */; };
		B1C3870628F3BEE8007E1473 /* ps6-1.cpp in Sources */ = {isa = PBXBuildFile; fileRef = B1C3870528F3BEE8007E1473 /* ps6-1.cpp */; };
/* End PBXBuildFile section */

/* Begin PBXContainerItemProxy section */
		B1C386DF28F3BE95007E1473 /* PBXContainerItemProxy */ = {
			isa = PBXContainerItemProxy;
			containerPortal = B1C386C428F3BE94007E1473 /* Project object */;
			proxyType = 1;
			remoteGlobalIDString = B1C386CB28F3BE94007E1473;
			remoteInfo = "Assignment 6 - Problem 1";
		};
		B1C386E928F3BE95007E1473 /* PBXContainerItemProxy */ = {
			isa = PBXContainerItemProxy;
			containerPortal = B1C386C428F3BE94007E1473 /* Project object */;
			proxyType = 1;
			remoteGlobalIDString = B1C386CB28F3BE94007E1473;
			remoteInfo = "Assignment 6 - Problem 1";
		};
/* End PBXContainerItemProxy section */

/* Begin PBXFileReference section */
		B1C386CC28F3BE94007E1473 /* Assignment 6 - Problem 1.app */ = {isa = PBXFileReference; explicitFileType = wrapper.application; includeInIndex = 0; path = "Assignment 6 - Problem 1.app"; sourceTree = BUILT_PRODUCTS_DIR; };
		B1C386D228F3BE95007E1473 /* Assets.xcassets */ = {isa = PBXFileReference; lastKnownFileType = folder.assetcatalog; path = Assets.xcassets; sourceTree = "<group>"; };
		B1C386D528F3BE95007E1473 /* Base */ = {isa = PBXFileReference; lastKnownFileType = file.xib; name = Base; path = Base.lproj/MainMenu.xib; sourceTree = "<group>"; };
		B1C386D928F3BE95007E1473 /* Assignment_6___Problem_1.entitlements */ = {isa = PBXFileReference; lastKnownFileType = text.plist.entitlements; path = "Assignment_6___Problem_1.entitlements"; sourceTree = "<group>"; };
		B1C386DE28F3BE95007E1473 /* Assignment 6 - Problem 1Tests.xctest */ = {isa = PBXFileReference; explicitFileType = wrapper.cfbundle; includeInIndex = 0; path = "Assignment 6 - Problem 1Tests.xctest"; sourceTree = BUILT_PRODUCTS_DIR; };
		B1C386E228F3BE95007E1473 /* Assignment_6___Problem_1Tests.m */ = {isa = PBXFileReference; lastKnownFileType = sourcecode.c.objc; path = "Assignment_6___Problem_1Tests.m"; sourceTree = "<group>"; };
		B1C386E828F3BE95007E1473 /* Assignment 6 - Problem 1UITests.xctest */ = {isa = PBXFileReference; explicitFileType = wrapper.cfbundle; includeInIndex = 0; path = "Assignment 6 - Problem 1UITests.xctest"; sourceTree = BUILT_PRODUCTS_DIR; };
		B1C386EC28F3BE95007E1473 /* Assignment_6___Problem_1UITests.m */ = {isa = PBXFileReference; lastKnownFileType = sourcecode.c.objc; path = "Assignment_6___Problem_1UITests.m"; sourceTree = "<group>"; };
		B1C386EE28F3BE95007E1473 /* Assignment_6___Problem_1UITestsLaunchTests.m */ = {isa = PBXFileReference; lastKnownFileType = sourcecode.c.objc; path = "Assignment_6___Problem_1UITestsLaunchTests.m"; sourceTree = "<group>"; };
		B1C386FB28F3BEC3007E1473 /* fssimplewindowcpp.cpp */ = {isa = PBXFileReference; fileEncoding = 4; lastKnownFileType = sourcecode.cpp.cpp; name = fssimplewindowcpp.cpp; path = "../../../OpenGL Setup/macosx 2/fssimplewindowcpp.cpp"; sourceTree = "<group>"; };
		B1C386FC28F3BEC3007E1473 /* fssimplewindowobjc.m */ = {isa = PBXFileReference; fileEncoding = 4; lastKnownFileType = sourcecode.c.objc; name = fssimplewindowobjc.m; path = "../../../OpenGL Setup/macosx 2/fssimplewindowobjc.m"; sourceTree = "<group>"; };
		B1C386FD28F3BEC3007E1473 /* fssimplewindow.h */ = {isa = PBXFileReference; fileEncoding = 4; lastKnownFileType = sourcecode.c.h; name = fssimplewindow.h; path = "../../../OpenGL Setup/macosx 2/fssimplewindow.h"; sourceTree = "<group>"; };
		B1C3870128F3BECD007E1473 /* OpenGL.framework */ = {isa = PBXFileReference; lastKnownFileType = wrapper.framework; name = OpenGL.framework; path = System/Library/Frameworks/OpenGL.framework; sourceTree = SDKROOT; };
		B1C3870328F3BED3007E1473 /* Cocoa.framework */ = {isa = PBXFileReference; lastKnownFileType = wrapper.framework; name = Cocoa.framework; path = System/Library/Frameworks/Cocoa.framework; sourceTree = SDKROOT; };
		B1C3870528F3BEE8007E1473 /* ps6-1.cpp */ = {isa = PBXFileReference; lastKnownFileType = sourcecode.cpp.cpp; path = "ps6-1.cpp"; sourceTree = "<group>"; };
/* End PBXFileReference section */

/* Begin PBXFrameworksBuildPhase section */
		B1C386C928F3BE94007E1473 /* Frameworks */ = {
			isa = PBXFrameworksBuildPhase;
			buildActionMask = 2147483647;
			files = (
				B1C3870428F3BED3007E1473 /* Cocoa.framework in Frameworks */,
				B1C3870228F3BECD007E1473 /* OpenGL.framework in Frameworks */,
			);
			runOnlyForDeploymentPostprocessing = 0;
		};
		B1C386DB28F3BE95007E1473 /* Frameworks */ = {
			isa = PBXFrameworksBuildPhase;
			buildActionMask = 2147483647;
			files = (
			);
			runOnlyForDeploymentPostprocessing = 0;
		};
		B1C386E528F3BE95007E1473 /* Frameworks */ = {
			isa = PBXFrameworksBuildPhase;
			buildActionMask = 2147483647;
			files = (
			);
			runOnlyForDeploymentPostprocessing = 0;
		};
/* End PBXFrameworksBuildPhase section */

/* Begin PBXGroup section */
		B1C386C328F3BE94007E1473 = {
			isa = PBXGroup;
			children = (
				B1C386CE28F3BE94007E1473 /* Assignment 6 - Problem 1 */,
				B1C386E128F3BE95007E1473 /* Assignment 6 - Problem 1Tests */,
				B1C386EB28F3BE95007E1473 /* Assignment 6 - Problem 1UITests */,
				B1C386CD28F3BE94007E1473 /* Products */,
				B1C3870028F3BECD007E1473 /* Frameworks */,
			);
			sourceTree = "<group>";
		};
		B1C386CD28F3BE94007E1473 /* Products */ = {
			isa = PBXGroup;
			children = (
				B1C386CC28F3BE94007E1473 /* Assignment 6 - Problem 1.app */,
				B1C386DE28F3BE95007E1473 /* Assignment 6 - Problem 1Tests.xctest */,
				B1C386E828F3BE95007E1473 /* Assignment 6 - Problem 1UITests.xctest */,
			);
			name = Products;
			sourceTree = "<group>";
		};
		B1C386CE28F3BE94007E1473 /* Assignment 6 - Problem 1 */ = {
			isa = PBXGroup;
			children = (
				B1C386FD28F3BEC3007E1473 /* fssimplewindow.h */,
				B1C386FB28F3BEC3007E1473 /* fssimplewindowcpp.cpp */,
				B1C386FC28F3BEC3007E1473 /* fssimplewindowobjc.m */,
				B1C386D228F3BE95007E1473 /* Assets.xcassets */,
				B1C386D428F3BE95007E1473 /* MainMenu.xib */,
				B1C386D928F3BE95007E1473 /* Assignment_6___Problem_1.entitlements */,
				B1C3870528F3BEE8007E1473 /* ps6-1.cpp */,
			);
			path = "Assignment 6 - Problem 1";
			sourceTree = "<group>";
		};
		B1C386E128F3BE95007E1473 /* Assignment 6 - Problem 1Tests */ = {
			isa = PBXGroup;
			children = (
				B1C386E228F3BE95007E1473 /* Assignment_6___Problem_1Tests.m */,
			);
			path = "Assignment 6 - Problem 1Tests";
			sourceTree = "<group>";
		};
		B1C386EB28F3BE95007E1473 /* Assignment 6 - Problem 1UITests */ = {
			isa = PBXGroup;
			children = (
				B1C386EC28F3BE95007E1473 /* Assignment_6___Problem_1UITests.m */,
				B1C386EE28F3BE95007E1473 /* Assignment_6___Problem_1UITestsLaunchTests.m */,
			);
			path = "Assignment 6 - Problem 1UITests";
			sourceTree = "<group>";
		};
		B1C3870028F3BECD007E1473 /* Frameworks */ = {
			isa = PBXGroup;
			children = (
				B1C3870328F3BED3007E1473 /* Cocoa.framework */,
				B1C3870128F3BECD007E1473 /* OpenGL.framework */,
			);
			name = Frameworks;
			sourceTree = "<group>";
		};
/* End PBXGroup section */

/* Begin PBXNativeTarget section */
		B1C386CB28F3BE94007E1473 /* Assignment 6 - Problem 1 */ = {
			isa = PBXNativeTarget;
			buildConfigurationList = B1C386F228F3BE95007E1473 /* Build configuration list for PBXNativeTarget "Assignment 6 - Problem 1" */;
			buildPhases = (
				B1C386C828F3BE94007E1473 /* Sources */,
				B1C386C928F3BE94007E1473 /* Frameworks */,
				B1C386CA28F3BE94007E1473 /* Resources */,
			);
			buildRules = (
			);
			dependencies = (
			);
			name = "Assignment 6 - Problem 1";
			productName = "Assignment 6 - Problem 1";
			productReference = B1C386CC28F3BE94007E1473 /* Assignment 6 - Problem 1.app */;
			productType = "com.apple.product-type.application";
		};
		B1C386DD28F3BE95007E1473 /* Assignment 6 - Problem 1Tests */ = {
			isa = PBXNativeTarget;
			buildConfigurationList = B1C386F528F3BE95007E1473 /* Build configuration list for PBXNativeTarget "Assignment 6 - Problem 1Tests" */;
			buildPhases = (
				B1C386DA28F3BE95007E1473 /* Sources */,
				B1C386DB28F3BE95007E1473 /* Frameworks */,
				B1C386DC28F3BE95007E1473 /* Resources */,
			);
			buildRules = (
			);
			dependencies = (
				B1C386E028F3BE95007E1473 /* PBXTargetDependency */,
			);
			name = "Assignment 6 - Problem 1Tests";
			productName = "Assignment 6 - Problem 1Tests";
			productReference = B1C386DE28F3BE95007E1473 /* Assignment 6 - Problem 1Tests.xctest */;
			productType = "com.apple.product-type.bundle.unit-test";
		};
		B1C386E728F3BE95007E1473 /* Assignment 6 - Problem 1UITests */ = {
			isa = PBXNativeTarget;
			buildConfigurationList = B1C386F828F3BE95007E1473 /* Build configuration list for PBXNativeTarget "Assignment 6 - Problem 1UITests" */;
			buildPhases = (
				B1C386E428F3BE95007E1473 /* Sources */,
				B1C386E528F3BE95007E1473 /* Frameworks */,
				B1C386E628F3BE95007E1473 /* Resources */,
			);
			buildRules = (
			);
			dependencies = (
				B1C386EA28F3BE95007E1473 /* PBXTargetDependency */,
			);
			name = "Assignment 6 - Problem 1UITests";
			productName = "Assignment 6 - Problem 1UITests";
			productReference = B1C386E828F3BE95007E1473 /* Assignment 6 - Problem 1UITests.xctest */;
			productType = "com.apple.product-type.bundle.ui-testing";
		};
/* End PBXNativeTarget section */

/* Begin PBXProject section */
		B1C386C428F3BE94007E1473 /* Project object */ = {
			isa = PBXProject;
			attributes = {
				BuildIndependentTargetsInParallel = 1;
				LastUpgradeCheck = 1400;
				TargetAttributes = {
					B1C386CB28F3BE94007E1473 = {
						CreatedOnToolsVersion = 14.0.1;
					};
					B1C386DD28F3BE95007E1473 = {
						CreatedOnToolsVersion = 14.0.1;
						TestTargetID = B1C386CB28F3BE94007E1473;
					};
					B1C386E728F3BE95007E1473 = {
						CreatedOnToolsVersion = 14.0.1;
						TestTargetID = B1C386CB28F3BE94007E1473;
					};
				};
			};
			buildConfigurationList = B1C386C728F3BE94007E1473 /* Build configuration list for PBXProject "Assignment 6 - Problem 1" */;
			compatibilityVersion = "Xcode 14.0";
			developmentRegion = en;
			hasScannedForEncodings = 0;
			knownRegions = (
				en,
				Base,
			);
			mainGroup = B1C386C328F3BE94007E1473;
			productRefGroup = B1C386CD28F3BE94007E1473 /* Products */;
			projectDirPath = "";
			projectRoot = "";
			targets = (
				B1C386CB28F3BE94007E1473 /* Assignment 6 - Problem 1 */,
				B1C386DD28F3BE95007E1473 /* Assignment 6 - Problem 1Tests */,
				B1C386E728F3BE95007E1473 /* Assignment 6 - Problem 1UITests */,
			);
		};
/* End PBXProject section */

/* Begin PBXResourcesBuildPhase section */
		B1C386CA28F3BE94007E1473 /* Resources */ = {
			isa = PBXResourcesBuildPhase;
			buildActionMask = 2147483647;
			files = (
				B1C386D328F3BE95007E1473 /* Assets.xcassets in Resources */,
				B1C386D628F3BE95007E1473 /* MainMenu.xib in Resources */,
			);
			runOnlyForDeploymentPostprocessing = 0;
		};
		B1C386DC28F3BE95007E1473 /* Resources */ = {
			isa = PBXResourcesBuildPhase;
			buildActionMask = 2147483647;
			files = (
			);
			runOnlyForDeploymentPostprocessing = 0;
		};
		B1C386E628F3BE95007E1473 /* Resources */ = {
			isa = PBXResourcesBuildPhase;
			buildActionMask = 2147483647;
			files = (
			);
			runOnlyForDeploymentPostprocessing = 0;
		};
/* End PBXResourcesBuildPhase section */

/* Begin PBXSourcesBuildPhase section */
		B1C386C828F3BE94007E1473 /* Sources */ = {
			isa = PBXSourcesBuildPhase;
			buildActionMask = 2147483647;
			files = (
				B1C386FF28F3BEC3007E1473 /* fssimplewindowobjc.m in Sources */,
				B1C386FE28F3BEC3007E1473 /* fssimplewindowcpp.cpp in Sources */,
				B1C3870628F3BEE8007E1473 /* ps6-1.cpp in Sources */,
			);
			runOnlyForDeploymentPostprocessing = 0;
		};
		B1C386DA28F3BE95007E1473 /* Sources */ = {
			isa = PBXSourcesBuildPhase;
			buildActionMask = 2147483647;
			files = (
				B1C386E328F3BE95007E1473 /* Assignment_6___Problem_1Tests.m in Sources */,
			);
			runOnlyForDeploymentPostprocessing = 0;
		};
		B1C386E428F3BE95007E1473 /* Sources */ = {
			isa = PBXSourcesBuildPhase;
			buildActionMask = 2147483647;
			files = (
				B1C386EF28F3BE95007E1473 /* Assignment_6___Problem_1UITestsLaunchTests.m in Sources */,
				B1C386ED28F3BE95007E1473 /* Assignment_6___Problem_1UITests.m in Sources */,
			);
			runOnlyForDeploymentPostprocessing = 0;
		};
/* End PBXSourcesBuildPhase section */

/* Begin PBXTargetDependency section */
		B1C386E028F3BE95007E1473 /* PBXTargetDependency */ = {
			isa = PBXTargetDependency;
			target = B1C386CB28F3BE94007E1473 /* Assignment 6 - Problem 1 */;
			targetProxy = B1C386DF28F3BE95007E1473 /* PBXContainerItemProxy */;
		};
		B1C386EA28F3BE95007E1473 /* PBXTargetDependency */ = {
			isa = PBXTargetDependency;
			target = B1C386CB28F3BE94007E1473 /* Assignment 6 - Problem 1 */;
			targetProxy = B1C386E928F3BE95007E1473 /* PBXContainerItemProxy */;
		};
/* End PBXTargetDependency section */

/* Begin PBXVariantGroup section */
		B1C386D428F3BE95007E1473 /* MainMenu.xib */ = {
			isa = PBXVariantGroup;
			children = (
				B1C386D528F3BE95007E1473 /* Base */,
			);
			name = MainMenu.xib;
			sourceTree = "<group>";
		};
/* End PBXVariantGroup section */

/* Begin XCBuildConfiguration section */
		B1C386F028F3BE95007E1473 /* Debug */ = {
			isa = XCBuildConfiguration;
			buildSettings = {
				ALWAYS_SEARCH_USER_PATHS = NO;
				CLANG_ANALYZER_NONNULL = YES;
				CLANG_ANALYZER_NUMBER_OBJECT_CONVERSION = YES_AGGRESSIVE;
				CLANG_CXX_LANGUAGE_STANDARD = "gnu++20";
				CLANG_ENABLE_MODULES = YES;
				CLANG_ENABLE_OBJC_ARC = YES;
				CLANG_ENABLE_OBJC_WEAK = YES;
				CLANG_WARN_BLOCK_CAPTURE_AUTORELEASING = YES;
				CLANG_WARN_BOOL_CONVERSION = YES;
				CLANG_WARN_COMMA = YES;
				CLANG_WARN_CONSTANT_CONVERSION = YES;
				CLANG_WARN_DEPRECATED_OBJC_IMPLEMENTATIONS = YES;
				CLANG_WARN_DIRECT_OBJC_ISA_USAGE = YES_ERROR;
				CLANG_WARN_DOCUMENTATION_COMMENTS = YES;
				CLANG_WARN_EMPTY_BODY = YES;
				CLANG_WARN_ENUM_CONVERSION = YES;
				CLANG_WARN_INFINITE_RECURSION = YES;
				CLANG_WARN_INT_CONVERSION = YES;
				CLANG_WARN_NON_LITERAL_NULL_CONVERSION = YES;
				CLANG_WARN_OBJC_IMPLICIT_RETAIN_SELF = YES;
				CLANG_WARN_OBJC_LITERAL_CONVERSION = YES;
				CLANG_WARN_OBJC_ROOT_CLASS = YES_ERROR;
				CLANG_WARN_QUOTED_INCLUDE_IN_FRAMEWORK_HEADER = YES;
				CLANG_WARN_RANGE_LOOP_ANALYSIS = YES;
				CLANG_WARN_STRICT_PROTOTYPES = YES;
				CLANG_WARN_SUSPICIOUS_MOVE = YES;
				CLANG_WARN_UNGUARDED_AVAILABILITY = YES_AGGRESSIVE;
				CLANG_WARN_UNREACHABLE_CODE = YES;
				CLANG_WARN__DUPLICATE_METHOD_MATCH = YES;
				COPY_PHASE_STRIP = NO;
				DEBUG_INFORMATION_FORMAT = dwarf;
				ENABLE_STRICT_OBJC_MSGSEND = YES;
				ENABLE_TESTABILITY = YES;
				GCC_C_LANGUAGE_STANDARD = gnu11;
				GCC_DYNAMIC_NO_PIC = NO;
				GCC_NO_COMMON_BLOCKS = YES;
				GCC_OPTIMIZATION_LEVEL = 0;
				GCC_PREPROCESSOR_DEFINITIONS = (
					"DEBUG=1",
					"$(inherited)",
				);
				GCC_WARN_64_TO_32_BIT_CONVERSION = YES;
				GCC_WARN_ABOUT_RETURN_TYPE = YES_ERROR;
				GCC_WARN_UNDECLARED_SELECTOR = YES;
				GCC_WARN_UNINITIALIZED_AUTOS = YES_AGGRESSIVE;
				GCC_WARN_UNUSED_FUNCTION = YES;
				GCC_WARN_UNUSED_VARIABLE = YES;
				MACOSX_DEPLOYMENT_TARGET = 12.3;
				MTL_ENABLE_DEBUG_INFO = INCLUDE_SOURCE;
				MTL_FAST_MATH = YES;
				ONLY_ACTIVE_ARCH = YES;
				SDKROOT = macosx;
			};
			name = Debug;
		};
		B1C386F128F3BE95007E1473 /* Release */ = {
			isa = XCBuildConfiguration;
			buildSettings = {
				ALWAYS_SEARCH_USER_PATHS = NO;
				CLANG_ANALYZER_NONNULL = YES;
				CLANG_ANALYZER_NUMBER_OBJECT_CONVERSION = YES_AGGRESSIVE;
				CLANG_CXX_LANGUAGE_STANDARD = "gnu++20";
				CLANG_ENABLE_MODULES = YES;
				CLANG_ENABLE_OBJC_ARC = YES;
				CLANG_ENABLE_OBJC_WEAK = YES;
				CLANG_WARN_BLOCK_CAPTURE_AUTORELEASING = YES;
				CLANG_WARN_BOOL_CONVERSION = YES;
				CLANG_WARN_COMMA = YES;
				CLANG_WARN_CONSTANT_CONVERSION = YES;
				CLANG_WARN_DEPRECATED_OBJC_IMPLEMENTATIONS = YES;
				CLANG_WARN_DIRECT_OBJC_ISA_USAGE = YES_ERROR;
				CLANG_WARN_DOCUMENTATION_COMMENTS = YES;
				CLANG_WARN_EMPTY_BODY = YES;
				CLANG_WARN_ENUM_CONVERSION = YES;
				CLANG_WARN_INFINITE_RECURSION = YES;
				CLANG_WARN_INT_CONVERSION = YES;
				CLANG_WARN_NON_LITERAL_NULL_CONVERSION = YES;
				CLANG_WARN_OBJC_IMPLICIT_RETAIN_SELF = YES;
				CLANG_WARN_OBJC_LITERAL_CONVERSION = YES;
				CLANG_WARN_OBJC_ROOT_CLASS = YES_ERROR;
				CLANG_WARN_QUOTED_INCLUDE_IN_FRAMEWORK_HEADER = YES;
				CLANG_WARN_RANGE_LOOP_ANALYSIS = YES;
				CLANG_WARN_STRICT_PROTOTYPES = YES;
				CLANG_WARN_SUSPICIOUS_MOVE = YES;
				CLANG_WARN_UNGUARDED_AVAILABILITY = YES_AGGRESSIVE;
				CLANG_WARN_UNREACHABLE_CODE = YES;
				CLANG_WARN__DUPLICATE_METHOD_MATCH = YES;
				COPY_PHASE_STRIP = NO;
				DEBUG_INFORMATION_FORMAT = "dwarf-with-dsym";
				ENABLE_NS_ASSERTIONS = NO;
				ENABLE_STRICT_OBJC_MSGSEND = YES;
				GCC_C_LANGUAGE_STANDARD = gnu11;
				GCC_NO_COMMON_BLOCKS = YES;
				GCC_WARN_64_TO_32_BIT_CONVERSION = YES;
				GCC_WARN_ABOUT_RETURN_TYPE = YES_ERROR;
				GCC_WARN_UNDECLARED_SELECTOR = YES;
				GCC_WARN_UNINITIALIZED_AUTOS = YES_AGGRESSIVE;
				GCC_WARN_UNUSED_FUNCTION = YES;
				GCC_WARN_UNUSED_VARIABLE = YES;
				MACOSX_DEPLOYMENT_TARGET = 12.3;
				MTL_ENABLE_DEBUG_INFO = NO;
				MTL_FAST_MATH = YES;
				SDKROOT = macosx;
			};
			name = Release;
		};
		B1C386F328F3BE95007E1473 /* Debug */ = {
			isa = XCBuildConfiguration;
			buildSettings = {
				ASSETCATALOG_COMPILER_APPICON_NAME = AppIcon;
				ASSETCATALOG_COMPILER_GLOBAL_ACCENT_COLOR_NAME = AccentColor;
				CODE_SIGN_ENTITLEMENTS = "Assignment 6 - Problem 1/Assignment_6___Problem_1.entitlements";
				CODE_SIGN_STYLE = Automatic;
				COMBINE_HIDPI_IMAGES = YES;
				CURRENT_PROJECT_VERSION = 1;
				DEVELOPMENT_TEAM = Y3ZG3S68X5;
				ENABLE_HARDENED_RUNTIME = YES;
				GENERATE_INFOPLIST_FILE = YES;
				INFOPLIST_KEY_NSHumanReadableCopyright = "";
				INFOPLIST_KEY_NSMainNibFile = MainMenu;
				INFOPLIST_KEY_NSPrincipalClass = NSApplication;
				LD_RUNPATH_SEARCH_PATHS = (
					"$(inherited)",
					"@executable_path/../Frameworks",
				);
				MARKETING_VERSION = 1.0;
				PRODUCT_BUNDLE_IDENTIFIER = "cmu.Assignment-6---Problem-1";
				PRODUCT_NAME = "$(TARGET_NAME)";
				SWIFT_EMIT_LOC_STRINGS = YES;
			};
			name = Debug;
		};
		B1C386F428F3BE95007E1473 /* Release */ = {
			isa = XCBuildConfiguration;
			buildSettings = {
				ASSETCATALOG_COMPILER_APPICON_NAME = AppIcon;
				ASSETCATALOG_COMPILER_GLOBAL_ACCENT_COLOR_NAME = AccentColor;
				CODE_SIGN_ENTITLEMENTS = "Assignment 6 - Problem 1/Assignment_6___Problem_1.entitlements";
				CODE_SIGN_STYLE = Automatic;
				COMBINE_HIDPI_IMAGES = YES;
				CURRENT_PROJECT_VERSION = 1;
				DEVELOPMENT_TEAM = Y3ZG3S68X5;
				ENABLE_HARDENED_RUNTIME = YES;
				GENERATE_INFOPLIST_FILE = YES;
				INFOPLIST_KEY_NSHumanReadableCopyright = "";
				INFOPLIST_KEY_NSMainNibFile = MainMenu;
				INFOPLIST_KEY_NSPrincipalClass = NSApplication;
				LD_RUNPATH_SEARCH_PATHS = (
					"$(inherited)",
					"@executable_path/../Frameworks",
				);
				MARKETING_VERSION = 1.0;
				PRODUCT_BUNDLE_IDENTIFIER = "cmu.Assignment-6---Problem-1";
				PRODUCT_NAME = "$(TARGET_NAME)";
				SWIFT_EMIT_LOC_STRINGS = YES;
			};
			name = Release;
		};
		B1C386F628F3BE95007E1473 /* Debug */ = {
			isa = XCBuildConfiguration;
			buildSettings = {
				BUNDLE_LOADER = "$(TEST_HOST)";
				CODE_SIGN_STYLE = Automatic;
				CURRENT_PROJECT_VERSION = 1;
				DEVELOPMENT_TEAM = Y3ZG3S68X5;
				GENERATE_INFOPLIST_FILE = YES;
				MACOSX_DEPLOYMENT_TARGET = 12.3;
				MARKETING_VERSION = 1.0;
				PRODUCT_BUNDLE_IDENTIFIER = "cmu.Assignment-6---Problem-1Tests";
				PRODUCT_NAME = "$(TARGET_NAME)";
				SWIFT_EMIT_LOC_STRINGS = NO;
				TEST_HOST = "$(BUILT_PRODUCTS_DIR)/Assignment 6 - Problem 1.app/$(BUNDLE_EXECUTABLE_FOLDER_PATH)/Assignment 6 - Problem 1";
			};
			name = Debug;
		};
		B1C386F728F3BE95007E1473 /* Release */ = {
			isa = XCBuildConfiguration;
			buildSettings = {
				BUNDLE_LOADER = "$(TEST_HOST)";
				CODE_SIGN_STYLE = Automatic;
				CURRENT_PROJECT_VERSION = 1;
				DEVELOPMENT_TEAM = Y3ZG3S68X5;
				GENERATE_INFOPLIST_FILE = YES;
				MACOSX_DEPLOYMENT_TARGET = 12.3;
				MARKETING_VERSION = 1.0;
				PRODUCT_BUNDLE_IDENTIFIER = "cmu.Assignment-6---Problem-1Tests";
				PRODUCT_NAME = "$(TARGET_NAME)";
				SWIFT_EMIT_LOC_STRINGS = NO;
				TEST_HOST = "$(BUILT_PRODUCTS_DIR)/Assignment 6 - Problem 1.app/$(BUNDLE_EXECUTABLE_FOLDER_PATH)/Assignment 6 - Problem 1";
			};
			name = Release;
		};
		B1C386F928F3BE95007E1473 /* Debug */ = {
			isa = XCBuildConfiguration;
			buildSettings = {
				CODE_SIGN_STYLE = Automatic;
				CURRENT_PROJECT_VERSION = 1;
				DEVELOPMENT_TEAM = Y3ZG3S68X5;
				GENERATE_INFOPLIST_FILE = YES;
				MARKETING_VERSION = 1.0;
				PRODUCT_BUNDLE_IDENTIFIER = "cmu.Assignment-6---Problem-1UITests";
				PRODUCT_NAME = "$(TARGET_NAME)";
				SWIFT_EMIT_LOC_STRINGS = NO;
				TEST_TARGET_NAME = "Assignment 6 - Problem 1";
			};
			name = Debug;
		};
		B1C386FA28F3BE95007E1473 /* Release */ = {
			isa = XCBuildConfiguration;
			buildSettings = {
				CODE_SIGN_STYLE = Automatic;
				CURRENT_PROJECT_VERSION = 1;
				DEVELOPMENT_TEAM = Y3ZG3S68X5;
				GENERATE_INFOPLIST_FILE = YES;
				MARKETING_VERSION = 1.0;
				PRODUCT_BUNDLE_IDENTIFIER = "cmu.Assignment-6---Problem-1UITests";
				PRODUCT_NAME = "$(TARGET_NAME)";
				SWIFT_EMIT_LOC_STRINGS = NO;
				TEST_TARGET_NAME = "Assignment 6 - Problem 1";
			};
			name = Release;
		};
/* End XCBuildConfiguration section */

/* Begin XCConfigurationList section */
		B1C386C728F3BE94007E1473 /* Build configuration list for PBXProject "Assignment 6 - Problem 1" */ = {
			isa = XCConfigurationList;
			buildConfigurations = (
				B1C386F028F3BE95007E1473 /* Debug */,
				B1C386F128F3BE95007E1473 /* Release */,
			);
			defaultConfigurationIsVisible = 0;
			defaultConfigurationName = Release;
		};
		B1C386F228F3BE95007E1473 /* Build configuration list for PBXNativeTarget "Assignment 6 - Problem 1" */ = {
			isa = XCConfigurationList;
			buildConfigurations = (
				B1C386F328F3BE95007E1473 /* Debug */,
				B1C386F428F3BE95007E1473 /* Release */,
			);
			defaultConfigurationIsVisible = 0;
			defaultConfigurationName = Release;
		};
		B1C386F528F3BE95007E1473 /* Build configuration list for PBXNativeTarget "Assignment 6 - Problem 1Tests" */ = {
			isa = XCConfigurationList;
			buildConfigurations = (
				B1C386F628F3BE95007E1473 /* Debug */,
				B1C386F728F3BE95007E1473 /* Release */,
			);
			defaultConfigurationIsVisible = 0;
			defaultConfigurationName = Release;
		};
		B1C386F828F3BE95007E1473 /* Build configuration list for PBXNativeTarget "Assignment 6 - Problem 1UITests" */ = {
			isa = XCConfigurationList;
			buildConfigurations = (
				B1C386F928F3BE95007E1473 /* Debug */,
				B1C386FA28F3BE95007E1473 /* Release */,
			);
			defaultConfigurationIsVisible = 0;
			defaultConfigurationName = Release;
		};
/* End XCConfigurationList section */
	};
	rootObject = B1C386C428F3BE94007E1473 /* Project object */;
}
